
Microsoft Visual Studio Solution File, Format Version 12.00
# Visual Studio Version 17
VisualStudioVersion = 17.0.31717.71
MinimumVisualStudioVersion = 10.0.40219.1
Project("{9A19103F-16F7-4668-BE54-9A1E7A4F7556}") = "Api", "Api.csproj", "{AE641906-47A4-4649-9416-0783452AAEA3}"
EndProject
Project("{FAE04EC0-301F-11D3-BF4B-00C04F79EFBC}") = "API.Test", "..\API.Test\API.Test.csproj", "{1E8D026B-34DD-481F-BA60-F85910D1885B}"
EndProject
Global
	GlobalSection(SolutionConfigurationPlatforms) = preSolution
		Debug|Any CPU = Debug|Any CPU
		Release|Any CPU = Release|Any CPU
	EndGlobalSection
	GlobalSection(ProjectConfigurationPlatforms) = postSolution
		{AE641906-47A4-4649-9416-0783452AAEA3}.Debug|Any CPU.ActiveCfg = Debug|Any CPU
		{AE641906-47A4-4649-9416-0783452AAEA3}.Debug|Any CPU.Build.0 = Debug|Any CPU
		{AE641906-47A4-4649-9416-0783452AAEA3}.Release|Any CPU.ActiveCfg = Release|Any CPU
		{AE641906-47A4-4649-9416-0783452AAEA3}.Release|Any CPU.Build.0 = Release|Any CPU
		{1E8D026B-34DD-481F-BA60-F85910D1885B}.Debug|Any CPU.ActiveCfg = Debug|Any CPU
		{1E8D026B-34DD-481F-BA60-F85910D1885B}.Debug|Any CPU.Build.0 = Debug|Any CPU
		{1E8D026B-34DD-481F-BA60-F85910D1885B}.Release|Any CPU.ActiveCfg = Release|Any CPU
		{1E8D026B-34DD-481F-BA60-F85910D1885B}.Release|Any CPU.Build.0 = Release|Any CPU
	EndGlobalSection
	GlobalSection(SolutionProperties) = preSolution
		HideSolutionNode = FALSE
	EndGlobalSection
	GlobalSection(ExtensibilityGlobals) = postSolution
		SolutionGuid = {F3FFF7E8-AF06-4A90-BC0E-616508CAF55C}
	EndGlobalSection
EndGlobal
